{
  "nodes": {
    "deploy-rs": {
      "inputs": {
        "flake-compat": "flake-compat",
        "nixpkgs": "nixpkgs",
        "utils": "utils"
      },
      "locked": {
        "lastModified": 1695052866,
        "narHash": "sha256-agn7F9Oww4oU6nPiw+YiYI9Xb4vOOE73w8PAoBRP4AA=",
        "owner": "serokell",
        "repo": "deploy-rs",
        "rev": "e3f41832680801d0ee9e2ed33eb63af398b090e9",
        "type": "github"
      },
      "original": {
        "owner": "serokell",
        "repo": "deploy-rs",
        "type": "github"
      }
    },
    "devshell": {
      "locked": {
        "lastModified": 1642188268,
        "narHash": "sha256-DNz4xScpXIn7rSDohdayBpPR9H9OWCMDOgTYegX081k=",
        "owner": "numtide",
        "repo": "devshell",
        "rev": "696acc29668b644df1740b69e1601119bf6da83b",
        "type": "github"
      },
      "original": {
        "owner": "numtide",
        "repo": "devshell",
        "type": "github"
      }
    },
    "ecosystem": {
      "inputs": {
        "home-manager": "home-manager",
        "nixpkgs": [
          "unstable"
        ],
        "tree-sitter-kak": "tree-sitter-kak"
      },
      "locked": {
        "lastModified": 1696972776,
        "narHash": "sha256-weJc4Xil71SMh7rpWACBXKlkZPYbbdQFKHD57pqn4BA=",
        "path": "/home/lukas/workspace/nix/ecosystem",
        "type": "path"
      },
      "original": {
        "path": "/home/lukas/workspace/nix/ecosystem",
        "type": "path"
      }
    },
    "flake-compat": {
      "flake": false,
      "locked": {
        "lastModified": 1668681692,
        "narHash": "sha256-Ht91NGdewz8IQLtWZ9LCeNXMSXHUss+9COoqu6JLmXU=",
        "owner": "edolstra",
        "repo": "flake-compat",
        "rev": "009399224d5e398d03b22badca40a37ac85412a1",
        "type": "github"
      },
      "original": {
        "owner": "edolstra",
        "repo": "flake-compat",
        "type": "github"
      }
    },
    "flake-compat_2": {
      "flake": false,
      "locked": {
        "lastModified": 1641205782,
        "narHash": "sha256-4jY7RCWUoZ9cKD8co0/4tFARpWB+57+r1bLLvXNJliY=",
        "owner": "edolstra",
        "repo": "flake-compat",
        "rev": "b7547d3eed6f32d06102ead8991ec52ab0a4f1a7",
        "type": "github"
      },
      "original": {
        "owner": "edolstra",
        "repo": "flake-compat",
        "type": "github"
      }
    },
    "flake-parts": {
      "inputs": {
        "nixpkgs-lib": "nixpkgs-lib"
      },
      "locked": {
        "lastModified": 1696343447,
        "narHash": "sha256-B2xAZKLkkeRFG5XcHHSXXcP7To9Xzr59KXeZiRf4vdQ=",
        "owner": "hercules-ci",
        "repo": "flake-parts",
        "rev": "c9afaba3dfa4085dbd2ccb38dfade5141e33d9d4",
        "type": "github"
      },
      "original": {
        "owner": "hercules-ci",
        "repo": "flake-parts",
        "type": "github"
      }
    },
    "flake-utils": {
      "inputs": {
        "systems": "systems"
      },
      "locked": {
        "lastModified": 1681202837,
        "narHash": "sha256-H+Rh19JDwRtpVPAWp64F+rlEtxUWBAQW28eAi3SRSzg=",
        "owner": "numtide",
        "repo": "flake-utils",
        "rev": "cfacdce06f30d2b68473a46042957675eebb3401",
        "type": "github"
      },
      "original": {
        "owner": "numtide",
        "repo": "flake-utils",
        "type": "github"
      }
    },
    "flake-utils_2": {
      "inputs": {
        "systems": "systems_2"
      },
      "locked": {
        "lastModified": 1694529238,
        "narHash": "sha256-zsNZZGTGnMOf9YpHKJqMSsa0dXbfmxeoJ7xHlrt+xmY=",
        "owner": "numtide",
        "repo": "flake-utils",
        "rev": "ff7b65b44d01cf9ba6a71320833626af21126384",
        "type": "github"
      },
      "original": {
        "owner": "numtide",
        "repo": "flake-utils",
        "type": "github"
      }
    },
    "home-manager": {
      "inputs": {
        "nixpkgs": [
          "ecosystem",
          "nixpkgs"
        ]
      },
      "locked": {
        "lastModified": 1696145345,
        "narHash": "sha256-3dM7I/d4751SLPJah0to1WBlWiyzIiuCEUwJqwBdmr4=",
        "owner": "nix-community",
        "repo": "home-manager",
        "rev": "6f9b5b83ad1f470b3d11b8a9fe1d5ef68c7d0e30",
        "type": "github"
      },
      "original": {
        "owner": "nix-community",
        "repo": "home-manager",
        "type": "github"
      }
    },
    "nix-gaming": {
      "inputs": {
        "flake-parts": "flake-parts",
        "nixpkgs": "nixpkgs_3"
      },
      "locked": {
        "lastModified": 1696961366,
        "narHash": "sha256-i0At7VVlzB7KuHJBmlwkfxGdCi7DDs9DYBsMMS7tu2U=",
        "owner": "fufexan",
        "repo": "nix-gaming",
        "rev": "619b192b50f2bd0e0502a7776ff784fbcf1c800c",
        "type": "github"
      },
      "original": {
        "owner": "fufexan",
        "repo": "nix-gaming",
        "type": "github"
      }
    },
    "nix-matrix-appservices": {
      "inputs": {
        "devshell": "devshell",
        "flake-compat": "flake-compat_2",
        "nixlib": "nixlib",
        "nixpkgs": "nixpkgs_4"
      },
      "locked": {
        "lastModified": 1683490239,
        "narHash": "sha256-QKzpvl2XrqbobWq/I/smDa9hEniwctjJybXPVILHP0w=",
        "owner": "coffeetables",
        "repo": "nix-matrix-appservices",
        "rev": "e795d2fbc61da45d49802bb3e8f8d0c70ddc1e68",
        "type": "gitlab"
      },
      "original": {
        "owner": "coffeetables",
        "repo": "nix-matrix-appservices",
        "type": "gitlab"
      }
    },
    "nixlib": {
      "locked": {
        "lastModified": 1643502816,
        "narHash": "sha256-Wrbt6Gs+hjXD3HUICPBJHKnHEUqiyx8rzHCgvqC1Bok=",
        "owner": "divnix",
        "repo": "nixpkgs.lib",
        "rev": "ebed7ec5bcb5d01e298535989c6c321df18b631a",
        "type": "github"
      },
      "original": {
        "owner": "divnix",
        "repo": "nixpkgs.lib",
        "type": "github"
      }
    },
    "nixpkgs": {
      "locked": {
        "lastModified": 1671417167,
        "narHash": "sha256-JkHam6WQOwZN1t2C2sbp1TqMv3TVRjzrdoejqfefwrM=",
        "owner": "NixOS",
        "repo": "nixpkgs",
        "rev": "bb31220cca6d044baa6dc2715b07497a2a7c4bc7",
        "type": "github"
      },
      "original": {
        "owner": "NixOS",
        "ref": "nixpkgs-unstable",
        "repo": "nixpkgs",
        "type": "github"
      }
    },
    "nixpkgs-lib": {
      "locked": {
        "dir": "lib",
        "lastModified": 1696019113,
        "narHash": "sha256-X3+DKYWJm93DRSdC5M6K5hLqzSya9BjibtBsuARoPco=",
        "owner": "NixOS",
        "repo": "nixpkgs",
        "rev": "f5892ddac112a1e9b3612c39af1b72987ee5783a",
        "type": "github"
      },
      "original": {
        "dir": "lib",
        "owner": "NixOS",
        "ref": "nixos-unstable",
        "repo": "nixpkgs",
        "type": "github"
      }
    },
    "nixpkgs-stable": {
      "locked": {
        "lastModified": 1696717752,
        "narHash": "sha256-qEq1styCyQHSrw7AOhskH2qwCFx93bOwsGEzUIrZC0g=",
        "owner": "NixOS",
        "repo": "nixpkgs",
        "rev": "2f3b6b3fcd9fa0a4e6b544180c058a70890a7cc1",
        "type": "github"
      },
      "original": {
        "owner": "NixOS",
        "ref": "release-23.05",
        "repo": "nixpkgs",
        "type": "github"
      }
    },
    "nixpkgs_2": {
      "locked": {
        "lastModified": 1682566018,
        "narHash": "sha256-HPzPRFiy2o/7k7mtnwfM1E6NVZHiFbPdmYCMoIpkHO4=",
        "owner": "NixOS",
        "repo": "nixpkgs",
        "rev": "8e3b64db39f2aaa14b35ee5376bd6a2e707cadc2",
        "type": "github"
      },
      "original": {
        "owner": "NixOS",
        "ref": "nixpkgs-unstable",
        "repo": "nixpkgs",
        "type": "github"
      }
    },
    "nixpkgs_3": {
      "locked": {
        "lastModified": 1696693680,
        "narHash": "sha256-PH0HQTkqyj7DmdPKPwrrXwVURLBqzZs4nqnDw9q8mhg=",
        "owner": "NixOS",
        "repo": "nixpkgs",
        "rev": "945559664c1dc5836173ee12896ba421d9b37181",
        "type": "github"
      },
      "original": {
        "owner": "NixOS",
        "ref": "nixpkgs-unstable",
        "repo": "nixpkgs",
        "type": "github"
      }
    },
    "nixpkgs_4": {
      "locked": {
        "lastModified": 1662099760,
        "narHash": "sha256-MdZLCTJPeHi/9fg6R9fiunyDwP3XHJqDd51zWWz9px0=",
        "owner": "NixOS",
        "repo": "nixpkgs",
        "rev": "67e45078141102f45eff1589a831aeaa3182b41e",
        "type": "github"
      },
      "original": {
        "owner": "NixOS",
        "ref": "nixos-22.05",
        "repo": "nixpkgs",
        "type": "github"
      }
    },
    "nixpkgs_5": {
      "locked": {
        "lastModified": 1696697597,
        "narHash": "sha256-q26Qv4DQ+h6IeozF2o1secyQG0jt2VUT3V0K58jr3pg=",
        "owner": "NixOS",
        "repo": "nixpkgs",
        "rev": "5a237aecb57296f67276ac9ab296a41c23981f56",
        "type": "github"
      },
      "original": {
        "id": "nixpkgs",
        "ref": "nixos-23.05",
        "type": "indirect"
      }
    },
    "nixpkgs_6": {
      "locked": {
        "lastModified": 1696693680,
        "narHash": "sha256-PH0HQTkqyj7DmdPKPwrrXwVURLBqzZs4nqnDw9q8mhg=",
        "owner": "NixOS",
        "repo": "nixpkgs",
        "rev": "945559664c1dc5836173ee12896ba421d9b37181",
        "type": "github"
      },
      "original": {
        "owner": "NixOS",
        "ref": "nixpkgs-unstable",
        "repo": "nixpkgs",
        "type": "github"
      }
    },
    "root": {
      "inputs": {
        "deploy-rs": "deploy-rs",
        "ecosystem": "ecosystem",
        "flake-utils": "flake-utils_2",
        "nix-gaming": "nix-gaming",
        "nix-matrix-appservices": "nix-matrix-appservices",
        "nixpkgs": "nixpkgs_5",
        "sops-nix": "sops-nix",
        "unstable": "unstable"
      }
    },
    "sops-nix": {
      "inputs": {
        "nixpkgs": "nixpkgs_6",
        "nixpkgs-stable": "nixpkgs-stable"
      },
      "locked": {
        "lastModified": 1696890802,
        "narHash": "sha256-q0cbDNjTnZ1ojoPdy4liEHWXokhQSNULnSKgURp4v2g=",
        "owner": "Mic92",
        "repo": "sops-nix",
        "rev": "6b32358c22d2718a5407d39a8236c7bd9608f447",
        "type": "github"
      },
      "original": {
        "owner": "Mic92",
        "repo": "sops-nix",
        "type": "github"
      }
    },
    "systems": {
      "locked": {
        "lastModified": 1681028828,
        "narHash": "sha256-Vy1rq5AaRuLzOxct8nz4T6wlgyUR7zLU309k9mBC768=",
        "owner": "nix-systems",
        "repo": "default",
        "rev": "da67096a3b9bf56a91d16901293e51ba5b49a27e",
        "type": "github"
      },
      "original": {
        "owner": "nix-systems",
        "repo": "default",
        "type": "github"
      }
    },
    "systems_2": {
      "locked": {
        "lastModified": 1681028828,
        "narHash": "sha256-Vy1rq5AaRuLzOxct8nz4T6wlgyUR7zLU309k9mBC768=",
        "owner": "nix-systems",
        "repo": "default",
        "rev": "da67096a3b9bf56a91d16901293e51ba5b49a27e",
        "type": "github"
      },
      "original": {
        "owner": "nix-systems",
        "repo": "default",
        "type": "github"
      }
    },
    "tree-sitter-kak": {
      "inputs": {
        "flake-utils": "flake-utils",
        "nixpkgs": "nixpkgs_2"
      },
      "locked": {
        "lastModified": 1684121710,
        "narHash": "sha256-GoYqllvd5u3bMmNdho6PDTTykKLTlAiBXuMWL8eEhNE=",
        "owner": "enricozb",
        "repo": "tree-sitter.kak",
        "rev": "72af0f9d58dce4921429786006d94f9e43b1a6bc",
        "type": "github"
      },
      "original": {
        "owner": "enricozb",
        "repo": "tree-sitter.kak",
        "type": "github"
      }
    },
    "unstable": {
      "locked": {
        "lastModified": 1696604326,
        "narHash": "sha256-YXUNI0kLEcI5g8lqGMb0nh67fY9f2YoJsILafh6zlMo=",
        "owner": "NixOS",
        "repo": "nixpkgs",
        "rev": "87828a0e03d1418e848d3dd3f3014a632e4a4f64",
        "type": "github"
      },
      "original": {
        "id": "nixpkgs",
        "ref": "nixos-unstable",
        "type": "indirect"
      }
    },
    "utils": {
      "locked": {
        "lastModified": 1667395993,
        "narHash": "sha256-nuEHfE/LcWyuSWnS8t12N1wc105Qtau+/OdUAjtQ0rA=",
        "owner": "numtide",
        "repo": "flake-utils",
        "rev": "5aed5285a952e0b949eb3ba02c12fa4fcfef535f",
        "type": "github"
      },
      "original": {
        "owner": "numtide",
        "repo": "flake-utils",
        "type": "github"
      }
    }
  },
  "root": "root",
  "version": 7
}
