{
  "nodes": {
    "deploy-rs": {
      "inputs": {
        "flake-compat": "flake-compat",
        "nixpkgs": "nixpkgs",
        "utils": "utils"
      },
      "locked": {
        "lastModified": 1672327199,
        "narHash": "sha256-pFlngSHXKBhAmbaKZ4FYtu57LLunG+vWdL7a5vw1RvQ=",
        "owner": "serokell",
        "repo": "deploy-rs",
        "rev": "a5619f5660a00f58c2b7c16d89058e92327ac9b8",
        "type": "github"
      },
      "original": {
        "owner": "serokell",
        "repo": "deploy-rs",
        "type": "github"
      }
    },
    "devshell": {
      "locked": {
        "lastModified": 1642188268,
        "narHash": "sha256-DNz4xScpXIn7rSDohdayBpPR9H9OWCMDOgTYegX081k=",
        "owner": "numtide",
        "repo": "devshell",
        "rev": "696acc29668b644df1740b69e1601119bf6da83b",
        "type": "github"
      },
      "original": {
        "owner": "numtide",
        "repo": "devshell",
        "type": "github"
      }
    },
    "ecosystem": {
      "locked": {
        "lastModified": 1674744318,
        "narHash": "sha256-KXBdxxV528Sjr0k1GPnbwzf6JJClNaKyTaFht+F9WNk=",
        "path": "/home/lukas/workspace/nix/ecosystem",
        "type": "path"
      },
      "original": {
        "path": "/home/lukas/workspace/nix/ecosystem",
        "type": "path"
      }
    },
    "flake-compat": {
      "flake": false,
      "locked": {
        "lastModified": 1668681692,
        "narHash": "sha256-Ht91NGdewz8IQLtWZ9LCeNXMSXHUss+9COoqu6JLmXU=",
        "owner": "edolstra",
        "repo": "flake-compat",
        "rev": "009399224d5e398d03b22badca40a37ac85412a1",
        "type": "github"
      },
      "original": {
        "owner": "edolstra",
        "repo": "flake-compat",
        "type": "github"
      }
    },
    "flake-compat_2": {
      "flake": false,
      "locked": {
        "lastModified": 1641205782,
        "narHash": "sha256-4jY7RCWUoZ9cKD8co0/4tFARpWB+57+r1bLLvXNJliY=",
        "owner": "edolstra",
        "repo": "flake-compat",
        "rev": "b7547d3eed6f32d06102ead8991ec52ab0a4f1a7",
        "type": "github"
      },
      "original": {
        "owner": "edolstra",
        "repo": "flake-compat",
        "type": "github"
      }
    },
    "flake-utils": {
      "locked": {
        "lastModified": 1667395993,
        "narHash": "sha256-nuEHfE/LcWyuSWnS8t12N1wc105Qtau+/OdUAjtQ0rA=",
        "owner": "numtide",
        "repo": "flake-utils",
        "rev": "5aed5285a952e0b949eb3ba02c12fa4fcfef535f",
        "type": "github"
      },
      "original": {
        "owner": "numtide",
        "repo": "flake-utils",
        "type": "github"
      }
    },
    "home-manager": {
      "inputs": {
        "nixpkgs": "nixpkgs_2",
        "utils": "utils_2"
      },
      "locked": {
        "lastModified": 1672244468,
        "narHash": "sha256-xaZb8AZqoXRCSqPusCk4ouf+fUNP8UJdafmMTF1Ltlw=",
        "owner": "nix-community",
        "repo": "home-manager",
        "rev": "89a8ba0b5b43b3350ff2e3ef37b66736b2ef8706",
        "type": "github"
      },
      "original": {
        "owner": "nix-community",
        "ref": "release-22.11",
        "repo": "home-manager",
        "type": "github"
      }
    },
    "nix-gaming": {
      "inputs": {
        "nixpkgs": "nixpkgs_3"
      },
      "locked": {
        "lastModified": 1672665710,
        "narHash": "sha256-kK9DB+J7zDSs5H0X0AxEn85VKROLKYnUbPijtZEPrYY=",
        "owner": "fufexan",
        "repo": "nix-gaming",
        "rev": "66c8cbbde08af5a7e87cd3aa4fb4725f20966db2",
        "type": "github"
      },
      "original": {
        "owner": "fufexan",
        "repo": "nix-gaming",
        "type": "github"
      }
    },
    "nix-matrix-appservices": {
      "inputs": {
        "devshell": "devshell",
        "flake-compat": "flake-compat_2",
        "nixlib": "nixlib",
        "nixpkgs": "nixpkgs_4"
      },
      "locked": {
        "lastModified": 1663958238,
        "narHash": "sha256-l4VrBCswq500YwsgjK7M8HUmnVWrHYY7DKZ7uZK5Abg=",
        "owner": "coffeetables",
        "repo": "nix-matrix-appservices",
        "rev": "efdc09f26e3b01801edaa3b0e2bdd46d9d133bba",
        "type": "gitlab"
      },
      "original": {
        "owner": "coffeetables",
        "repo": "nix-matrix-appservices",
        "type": "gitlab"
      }
    },
    "nixlib": {
      "locked": {
        "lastModified": 1643502816,
        "narHash": "sha256-Wrbt6Gs+hjXD3HUICPBJHKnHEUqiyx8rzHCgvqC1Bok=",
        "owner": "divnix",
        "repo": "nixpkgs.lib",
        "rev": "ebed7ec5bcb5d01e298535989c6c321df18b631a",
        "type": "github"
      },
      "original": {
        "owner": "divnix",
        "repo": "nixpkgs.lib",
        "type": "github"
      }
    },
    "nixpkgs": {
      "locked": {
        "lastModified": 1671417167,
        "narHash": "sha256-JkHam6WQOwZN1t2C2sbp1TqMv3TVRjzrdoejqfefwrM=",
        "owner": "NixOS",
        "repo": "nixpkgs",
        "rev": "bb31220cca6d044baa6dc2715b07497a2a7c4bc7",
        "type": "github"
      },
      "original": {
        "owner": "NixOS",
        "ref": "nixpkgs-unstable",
        "repo": "nixpkgs",
        "type": "github"
      }
    },
    "nixpkgs_2": {
      "locked": {
        "lastModified": 1667629849,
        "narHash": "sha256-P+v+nDOFWicM4wziFK9S/ajF2lc0N2Rg9p6Y35uMoZI=",
        "owner": "nixos",
        "repo": "nixpkgs",
        "rev": "3bacde6273b09a21a8ccfba15586fb165078fb62",
        "type": "github"
      },
      "original": {
        "owner": "nixos",
        "ref": "nixos-unstable",
        "repo": "nixpkgs",
        "type": "github"
      }
    },
    "nixpkgs_3": {
      "locked": {
        "lastModified": 1663491030,
        "narHash": "sha256-MVsfBhE9US5DvLtBAaTRjwYdv1tLO8xjahM8qLXTgTo=",
        "owner": "NixOS",
        "repo": "nixpkgs",
        "rev": "767542707d394ff15ac1981e903e005ba69528b5",
        "type": "github"
      },
      "original": {
        "owner": "NixOS",
        "ref": "nixpkgs-unstable",
        "repo": "nixpkgs",
        "type": "github"
      }
    },
    "nixpkgs_4": {
      "locked": {
        "lastModified": 1662099760,
        "narHash": "sha256-MdZLCTJPeHi/9fg6R9fiunyDwP3XHJqDd51zWWz9px0=",
        "owner": "NixOS",
        "repo": "nixpkgs",
        "rev": "67e45078141102f45eff1589a831aeaa3182b41e",
        "type": "github"
      },
      "original": {
        "owner": "NixOS",
        "ref": "nixos-22.05",
        "repo": "nixpkgs",
        "type": "github"
      }
    },
    "nixpkgs_5": {
      "locked": {
        "lastModified": 1673527292,
        "narHash": "sha256-903EpRSDCfUvic7Hsiqwy+h7zlMTLAUbCXkEGGriCfM=",
        "owner": "NixOS",
        "repo": "nixpkgs",
        "rev": "6a3f9996408c970b99b8b992b11bb249d1455b62",
        "type": "github"
      },
      "original": {
        "id": "nixpkgs",
        "ref": "nixos-22.11",
        "type": "indirect"
      }
    },
    "root": {
      "inputs": {
        "deploy-rs": "deploy-rs",
        "ecosystem": "ecosystem",
        "flake-utils": "flake-utils",
        "home-manager": "home-manager",
        "nix-gaming": "nix-gaming",
        "nix-matrix-appservices": "nix-matrix-appservices",
        "nixpkgs": "nixpkgs_5",
        "unstable": "unstable"
      }
    },
    "unstable": {
      "locked": {
        "lastModified": 1673540789,
        "narHash": "sha256-xqnxBOK3qctIeUVxecydrEDbEXjsvHCPGPbvsl63M/U=",
        "owner": "NixOS",
        "repo": "nixpkgs",
        "rev": "0f213d0fee84280d8c3a97f7469b988d6fe5fcdf",
        "type": "github"
      },
      "original": {
        "id": "nixpkgs",
        "ref": "nixos-unstable",
        "type": "indirect"
      }
    },
    "utils": {
      "locked": {
        "lastModified": 1667395993,
        "narHash": "sha256-nuEHfE/LcWyuSWnS8t12N1wc105Qtau+/OdUAjtQ0rA=",
        "owner": "numtide",
        "repo": "flake-utils",
        "rev": "5aed5285a952e0b949eb3ba02c12fa4fcfef535f",
        "type": "github"
      },
      "original": {
        "owner": "numtide",
        "repo": "flake-utils",
        "type": "github"
      }
    },
    "utils_2": {
      "locked": {
        "lastModified": 1667395993,
        "narHash": "sha256-nuEHfE/LcWyuSWnS8t12N1wc105Qtau+/OdUAjtQ0rA=",
        "owner": "numtide",
        "repo": "flake-utils",
        "rev": "5aed5285a952e0b949eb3ba02c12fa4fcfef535f",
        "type": "github"
      },
      "original": {
        "owner": "numtide",
        "repo": "flake-utils",
        "type": "github"
      }
    }
  },
  "root": "root",
  "version": 7
}
