{
  "nodes": {
    "deploy-rs": {
      "inputs": {
        "flake-compat": "flake-compat",
        "nixpkgs": "nixpkgs",
        "utils": "utils"
      },
      "locked": {
        "lastModified": 1674127017,
        "narHash": "sha256-QO1xF7stu5ZMDLbHN30LFolMAwY6TVlzYvQoUs1RD68=",
        "owner": "serokell",
        "repo": "deploy-rs",
        "rev": "8c9ea9605eed20528bf60fae35a2b613b901fd77",
        "type": "github"
      },
      "original": {
        "owner": "serokell",
        "repo": "deploy-rs",
        "type": "github"
      }
    },
    "devshell": {
      "locked": {
        "lastModified": 1642188268,
        "narHash": "sha256-DNz4xScpXIn7rSDohdayBpPR9H9OWCMDOgTYegX081k=",
        "owner": "numtide",
        "repo": "devshell",
        "rev": "696acc29668b644df1740b69e1601119bf6da83b",
        "type": "github"
      },
      "original": {
        "owner": "numtide",
        "repo": "devshell",
        "type": "github"
      }
    },
    "ecosystem": {
      "locked": {
        "lastModified": 1685811348,
        "narHash": "sha256-7gOvQdmYpkiA0bI4H28sBfJRmXG5bLKa28nFNfWKeVU=",
        "path": "/home/lukas/workspace/nix/ecosystem",
        "type": "path"
      },
      "original": {
        "path": "/home/lukas/workspace/nix/ecosystem",
        "type": "path"
      }
    },
    "flake-compat": {
      "flake": false,
      "locked": {
        "lastModified": 1668681692,
        "narHash": "sha256-Ht91NGdewz8IQLtWZ9LCeNXMSXHUss+9COoqu6JLmXU=",
        "owner": "edolstra",
        "repo": "flake-compat",
        "rev": "009399224d5e398d03b22badca40a37ac85412a1",
        "type": "github"
      },
      "original": {
        "owner": "edolstra",
        "repo": "flake-compat",
        "type": "github"
      }
    },
    "flake-compat_2": {
      "flake": false,
      "locked": {
        "lastModified": 1641205782,
        "narHash": "sha256-4jY7RCWUoZ9cKD8co0/4tFARpWB+57+r1bLLvXNJliY=",
        "owner": "edolstra",
        "repo": "flake-compat",
        "rev": "b7547d3eed6f32d06102ead8991ec52ab0a4f1a7",
        "type": "github"
      },
      "original": {
        "owner": "edolstra",
        "repo": "flake-compat",
        "type": "github"
      }
    },
    "flake-utils": {
      "locked": {
        "lastModified": 1676283394,
        "narHash": "sha256-XX2f9c3iySLCw54rJ/CZs+ZK6IQy7GXNY4nSOyu2QG4=",
        "owner": "numtide",
        "repo": "flake-utils",
        "rev": "3db36a8b464d0c4532ba1c7dda728f4576d6d073",
        "type": "github"
      },
      "original": {
        "owner": "numtide",
        "repo": "flake-utils",
        "type": "github"
      }
    },
    "home-manager": {
      "inputs": {
        "nixpkgs": "nixpkgs_2"
      },
      "locked": {
        "lastModified": 1685599623,
        "narHash": "sha256-Tob4CMOVHue0D3RzguDBCtUmX5ji2PsdbQDbIOIKvsc=",
        "owner": "nix-community",
        "repo": "home-manager",
        "rev": "93db05480c0c0f30382d3e80779e8386dcb4f9dd",
        "type": "github"
      },
      "original": {
        "owner": "nix-community",
        "ref": "release-23.05",
        "repo": "home-manager",
        "type": "github"
      }
    },
    "nix-gaming": {
      "inputs": {
        "nixpkgs": "nixpkgs_3"
      },
      "locked": {
        "lastModified": 1676564857,
        "narHash": "sha256-E2O086asoR2sFhsEvPVCdneVYNoP1JbQ4B8OcIdpdPU=",
        "owner": "fufexan",
        "repo": "nix-gaming",
        "rev": "dbe7029d83ff8ab3db3e379c7a1fb65a309c5c54",
        "type": "github"
      },
      "original": {
        "owner": "fufexan",
        "repo": "nix-gaming",
        "type": "github"
      }
    },
    "nix-matrix-appservices": {
      "inputs": {
        "devshell": "devshell",
        "flake-compat": "flake-compat_2",
        "nixlib": "nixlib",
        "nixpkgs": "nixpkgs_4"
      },
      "locked": {
        "lastModified": 1663958238,
        "narHash": "sha256-l4VrBCswq500YwsgjK7M8HUmnVWrHYY7DKZ7uZK5Abg=",
        "owner": "coffeetables",
        "repo": "nix-matrix-appservices",
        "rev": "efdc09f26e3b01801edaa3b0e2bdd46d9d133bba",
        "type": "gitlab"
      },
      "original": {
        "owner": "coffeetables",
        "repo": "nix-matrix-appservices",
        "type": "gitlab"
      }
    },
    "nixlib": {
      "locked": {
        "lastModified": 1643502816,
        "narHash": "sha256-Wrbt6Gs+hjXD3HUICPBJHKnHEUqiyx8rzHCgvqC1Bok=",
        "owner": "divnix",
        "repo": "nixpkgs.lib",
        "rev": "ebed7ec5bcb5d01e298535989c6c321df18b631a",
        "type": "github"
      },
      "original": {
        "owner": "divnix",
        "repo": "nixpkgs.lib",
        "type": "github"
      }
    },
    "nixpkgs": {
      "locked": {
        "lastModified": 1671417167,
        "narHash": "sha256-JkHam6WQOwZN1t2C2sbp1TqMv3TVRjzrdoejqfefwrM=",
        "owner": "NixOS",
        "repo": "nixpkgs",
        "rev": "bb31220cca6d044baa6dc2715b07497a2a7c4bc7",
        "type": "github"
      },
      "original": {
        "owner": "NixOS",
        "ref": "nixpkgs-unstable",
        "repo": "nixpkgs",
        "type": "github"
      }
    },
    "nixpkgs-stable": {
      "locked": {
        "lastModified": 1676771332,
        "narHash": "sha256-YYn2K0AwyIyCzvP7C+xzEt64rlCRPyrllRPGNNu+50M=",
        "owner": "NixOS",
        "repo": "nixpkgs",
        "rev": "f27a4e2f6a3a23b843ca1c736e6043fb8b99acc1",
        "type": "github"
      },
      "original": {
        "owner": "NixOS",
        "ref": "release-22.11",
        "repo": "nixpkgs",
        "type": "github"
      }
    },
    "nixpkgs_2": {
      "locked": {
        "lastModified": 1667629849,
        "narHash": "sha256-P+v+nDOFWicM4wziFK9S/ajF2lc0N2Rg9p6Y35uMoZI=",
        "owner": "nixos",
        "repo": "nixpkgs",
        "rev": "3bacde6273b09a21a8ccfba15586fb165078fb62",
        "type": "github"
      },
      "original": {
        "owner": "nixos",
        "ref": "nixos-unstable",
        "repo": "nixpkgs",
        "type": "github"
      }
    },
    "nixpkgs_3": {
      "locked": {
        "lastModified": 1675614288,
        "narHash": "sha256-i3Rc/ENnz62BcrSloeVmAyPicEh4WsrEEYR+INs9TYw=",
        "owner": "NixOS",
        "repo": "nixpkgs",
        "rev": "d25de6654a34d99dceb02e71e6db516b3b545be6",
        "type": "github"
      },
      "original": {
        "owner": "NixOS",
        "ref": "nixpkgs-unstable",
        "repo": "nixpkgs",
        "type": "github"
      }
    },
    "nixpkgs_4": {
      "locked": {
        "lastModified": 1662099760,
        "narHash": "sha256-MdZLCTJPeHi/9fg6R9fiunyDwP3XHJqDd51zWWz9px0=",
        "owner": "NixOS",
        "repo": "nixpkgs",
        "rev": "67e45078141102f45eff1589a831aeaa3182b41e",
        "type": "github"
      },
      "original": {
        "owner": "NixOS",
        "ref": "nixos-22.05",
        "repo": "nixpkgs",
        "type": "github"
      }
    },
    "nixpkgs_5": {
      "locked": {
        "lastModified": 1685620773,
        "narHash": "sha256-iQ+LmporQNdLz8uMJdP62TaAWeLUwl43/MYUBtWqulM=",
        "owner": "NixOS",
        "repo": "nixpkgs",
        "rev": "f0ba8235153dd2e25cf06cbf70d43efdd4443592",
        "type": "github"
      },
      "original": {
        "id": "nixpkgs",
        "ref": "nixos-23.05",
        "type": "indirect"
      }
    },
    "nixpkgs_6": {
      "locked": {
        "lastModified": 1676549890,
        "narHash": "sha256-sq/WcOEAl7gWrrfGkWdnyYazRyTf+enEim/o6LOQzI8=",
        "owner": "NixOS",
        "repo": "nixpkgs",
        "rev": "8c66bd1b68f4708c90dcc97c6f7052a5a7b33257",
        "type": "github"
      },
      "original": {
        "owner": "NixOS",
        "ref": "nixpkgs-unstable",
        "repo": "nixpkgs",
        "type": "github"
      }
    },
    "root": {
      "inputs": {
        "deploy-rs": "deploy-rs",
        "ecosystem": "ecosystem",
        "flake-utils": "flake-utils",
        "home-manager": "home-manager",
        "nix-gaming": "nix-gaming",
        "nix-matrix-appservices": "nix-matrix-appservices",
        "nixpkgs": "nixpkgs_5",
        "sops-nix": "sops-nix",
        "unstable": "unstable"
      }
    },
    "sops-nix": {
      "inputs": {
        "nixpkgs": "nixpkgs_6",
        "nixpkgs-stable": "nixpkgs-stable"
      },
      "locked": {
        "lastModified": 1676959847,
        "narHash": "sha256-KZS6sIsMXiNyN7jW45MrEo95iEXj6nMLKvxgxO181no=",
        "owner": "Mic92",
        "repo": "sops-nix",
        "rev": "2c5828439d718a6cddd9a511997d9ac7626a4aff",
        "type": "github"
      },
      "original": {
        "owner": "Mic92",
        "repo": "sops-nix",
        "type": "github"
      }
    },
    "unstable": {
      "locked": {
        "lastModified": 1676885936,
        "narHash": "sha256-ZRKb6zBfTvdCOXI7nGC1L9UWSU5ay2ltxg+f5UIzBOU=",
        "owner": "NixOS",
        "repo": "nixpkgs",
        "rev": "b69883faca9542d135fa6bab7928ff1b233c167f",
        "type": "github"
      },
      "original": {
        "id": "nixpkgs",
        "ref": "nixos-unstable",
        "type": "indirect"
      }
    },
    "utils": {
      "locked": {
        "lastModified": 1667395993,
        "narHash": "sha256-nuEHfE/LcWyuSWnS8t12N1wc105Qtau+/OdUAjtQ0rA=",
        "owner": "numtide",
        "repo": "flake-utils",
        "rev": "5aed5285a952e0b949eb3ba02c12fa4fcfef535f",
        "type": "github"
      },
      "original": {
        "owner": "numtide",
        "repo": "flake-utils",
        "type": "github"
      }
    }
  },
  "root": "root",
  "version": 7
}
